// !$*UTF8*$!
{
	archiveVersion = 1;
	classes = {
	};
	objectVersion = 48;
	objects = {

/* Begin PBXBuildFile section */
		0602CBF71FA933EC001BBB4F /* MoviesRouter.swift in Sources */ = {isa = PBXBuildFile; fileRef = 0602CBF61FA933EC001BBB4F /* MoviesRouter.swift */; };
		067D46B31FB28F4D001D3834 /* MovieImageType.swift in Sources */ = {isa = PBXBuildFile; fileRef = 067D46B21FB28F4D001D3834 /* MovieImageType.swift */; };
		067D46B51FB3D361001D3834 /* RoundedUILabel.swift in Sources */ = {isa = PBXBuildFile; fileRef = 067D46B41FB3D361001D3834 /* RoundedUILabel.swift */; };
		0698CE791FB274D900265510 /* MovieObject.swift in Sources */ = {isa = PBXBuildFile; fileRef = 0698CE781FB274D900265510 /* MovieObject.swift */; };
		0698CE7B1FB2766600265510 /* RealmMovie.swift in Sources */ = {isa = PBXBuildFile; fileRef = 0698CE7A1FB2766600265510 /* RealmMovie.swift */; };
		0698CE7E1FB27A9600265510 /* RealmMovieService.swift in Sources */ = {isa = PBXBuildFile; fileRef = 0698CE7D1FB27A9600265510 /* RealmMovieService.swift */; };
		0698CE801FB27AA800265510 /* APIMovieService.swift in Sources */ = {isa = PBXBuildFile; fileRef = 0698CE7F1FB27AA800265510 /* APIMovieService.swift */; };
		0698CE821FB27B2600265510 /* MovieServiceType.swift in Sources */ = {isa = PBXBuildFile; fileRef = 0698CE811FB27B2600265510 /* MovieServiceType.swift */; };
		06A1E7581FAA970400AE640F /* MoviesAPIError.swift in Sources */ = {isa = PBXBuildFile; fileRef = 06A1E7571FAA970400AE640F /* MoviesAPIError.swift */; };
		06A79AFE1FB69A49008112BB /* ReviewObject.swift in Sources */ = {isa = PBXBuildFile; fileRef = 06A79AFD1FB69A49008112BB /* ReviewObject.swift */; };
		06A79B001FB69B7E008112BB /* Review.swift in Sources */ = {isa = PBXBuildFile; fileRef = 06A79AFF1FB69B7D008112BB /* Review.swift */; };
		06A79B021FB6A173008112BB /* RealmReview.swift in Sources */ = {isa = PBXBuildFile; fileRef = 06A79B011FB6A173008112BB /* RealmReview.swift */; };
		06A79B0A1FB7DE25008112BB /* MovieReviewsPresenter.swift in Sources */ = {isa = PBXBuildFile; fileRef = 06A79B041FB7DE25008112BB /* MovieReviewsPresenter.swift */; };
		06A79B0C1FB7DE25008112BB /* MovieReviewsRouter.swift in Sources */ = {isa = PBXBuildFile; fileRef = 06A79B061FB7DE25008112BB /* MovieReviewsRouter.swift */; };
		06A79B0D1FB7DE25008112BB /* MovieReviewsModels.swift in Sources */ = {isa = PBXBuildFile; fileRef = 06A79B071FB7DE25008112BB /* MovieReviewsModels.swift */; };
		06A79B0E1FB7DE25008112BB /* MovieReviewsViewController.swift in Sources */ = {isa = PBXBuildFile; fileRef = 06A79B081FB7DE25008112BB /* MovieReviewsViewController.swift */; };
		06A79B0F1FB7DE25008112BB /* MovieReviewsInteractor.swift in Sources */ = {isa = PBXBuildFile; fileRef = 06A79B091FB7DE25008112BB /* MovieReviewsInteractor.swift */; };
		06B9057C1FC3609E0007B0D9 /* CustomButton.swift in Sources */ = {isa = PBXBuildFile; fileRef = 06B9057B1FC3609E0007B0D9 /* CustomButton.swift */; };
		06D827E21FA94C2800693102 /* CustomTabBar.swift in Sources */ = {isa = PBXBuildFile; fileRef = 06D827E11FA94C2800693102 /* CustomTabBar.swift */; };
		06D827E81FA9548300693102 /* AppColors.swift in Sources */ = {isa = PBXBuildFile; fileRef = 06D827E71FA9548300693102 /* AppColors.swift */; };
		06D827EB1FA968BA00693102 /* MoviesWorker.swift in Sources */ = {isa = PBXBuildFile; fileRef = 06D827EA1FA968BA00693102 /* MoviesWorker.swift */; };
		06D827EE1FA9694600693102 /* Movie.swift in Sources */ = {isa = PBXBuildFile; fileRef = 06D827ED1FA9694600693102 /* Movie.swift */; };
		06DC8D041FAD459600606738 /* MovieDetailsPresenter.swift in Sources */ = {isa = PBXBuildFile; fileRef = 06DC8CFE1FAD459600606738 /* MovieDetailsPresenter.swift */; };
		06DC8D061FAD459600606738 /* MovieDetailsRouter.swift in Sources */ = {isa = PBXBuildFile; fileRef = 06DC8D001FAD459600606738 /* MovieDetailsRouter.swift */; };
		06DC8D071FAD459600606738 /* MovieDetailsModels.swift in Sources */ = {isa = PBXBuildFile; fileRef = 06DC8D011FAD459600606738 /* MovieDetailsModels.swift */; };
		06DC8D081FAD459600606738 /* MovieDetailsViewController.swift in Sources */ = {isa = PBXBuildFile; fileRef = 06DC8D021FAD459600606738 /* MovieDetailsViewController.swift */; };
		06DC8D091FAD459600606738 /* MovieDetailsInteractor.swift in Sources */ = {isa = PBXBuildFile; fileRef = 06DC8D031FAD459600606738 /* MovieDetailsInteractor.swift */; };
		06E24C051FAD13BD005D67CF /* ListMoviesCell.swift in Sources */ = {isa = PBXBuildFile; fileRef = 06E24C041FAD13BD005D67CF /* ListMoviesCell.swift */; };
		06E4F4FC1FA8122500110FFB /* AppDelegate.swift in Sources */ = {isa = PBXBuildFile; fileRef = 06E4F4FB1FA8122500110FFB /* AppDelegate.swift */; };
		06E4F5011FA8122500110FFB /* Main.storyboard in Resources */ = {isa = PBXBuildFile; fileRef = 06E4F4FF1FA8122500110FFB /* Main.storyboard */; };
		06E4F5031FA8122500110FFB /* Assets.xcassets in Resources */ = {isa = PBXBuildFile; fileRef = 06E4F5021FA8122500110FFB /* Assets.xcassets */; };
		06E4F5061FA8122500110FFB /* LaunchScreen.storyboard in Resources */ = {isa = PBXBuildFile; fileRef = 06E4F5041FA8122500110FFB /* LaunchScreen.storyboard */; };
		06E4F5111FA8122500110FFB /* CleanMovieDBTests.swift in Sources */ = {isa = PBXBuildFile; fileRef = 06E4F5101FA8122500110FFB /* CleanMovieDBTests.swift */; };
		06E4F5241FA8138200110FFB /* ListMoviesPresenter.swift in Sources */ = {isa = PBXBuildFile; fileRef = 06E4F51E1FA8138200110FFB /* ListMoviesPresenter.swift */; };
		06E4F5261FA8138200110FFB /* ListMoviesRouter.swift in Sources */ = {isa = PBXBuildFile; fileRef = 06E4F5201FA8138200110FFB /* ListMoviesRouter.swift */; };
		06E4F5271FA8138200110FFB /* ListMoviesModels.swift in Sources */ = {isa = PBXBuildFile; fileRef = 06E4F5211FA8138200110FFB /* ListMoviesModels.swift */; };
		06E4F5281FA8138200110FFB /* ListMoviesViewController.swift in Sources */ = {isa = PBXBuildFile; fileRef = 06E4F5221FA8138200110FFB /* ListMoviesViewController.swift */; };
		06E4F5291FA8138200110FFB /* ListMoviesInteractor.swift in Sources */ = {isa = PBXBuildFile; fileRef = 06E4F5231FA8138200110FFB /* ListMoviesInteractor.swift */; };
		08FA88ED20D8A3EAA503B470 /* Pods_CleanMovieDBTests.framework in Frameworks */ = {isa = PBXBuildFile; fileRef = 2BF563369CF5824D5E68FAA9 /* Pods_CleanMovieDBTests.framework */; };
		44BBC4C9A3D4E6B3A279FF83 /* Pods_CleanMovieDB.framework in Frameworks */ = {isa = PBXBuildFile; fileRef = 738C607363AB599AD699ED24 /* Pods_CleanMovieDB.framework */; };
		D5D20C581FBE95F700A950BF /* MovieReviewCell.swift in Sources */ = {isa = PBXBuildFile; fileRef = D5D20C571FBE95F700A950BF /* MovieReviewCell.swift */; };
/* End PBXBuildFile section */

/* Begin PBXContainerItemProxy section */
		06E4F50D1FA8122500110FFB /* PBXContainerItemProxy */ = {
			isa = PBXContainerItemProxy;
			containerPortal = 06E4F4F01FA8122500110FFB /* Project object */;
			proxyType = 1;
			remoteGlobalIDString = 06E4F4F71FA8122500110FFB;
			remoteInfo = CleanMovieDB;
		};
/* End PBXContainerItemProxy section */

/* Begin PBXFileReference section */
		0602CBF61FA933EC001BBB4F /* MoviesRouter.swift */ = {isa = PBXFileReference; lastKnownFileType = sourcecode.swift; path = MoviesRouter.swift; sourceTree = "<group>"; };
		067D46B21FB28F4D001D3834 /* MovieImageType.swift */ = {isa = PBXFileReference; lastKnownFileType = sourcecode.swift; path = MovieImageType.swift; sourceTree = "<group>"; };
		067D46B41FB3D361001D3834 /* RoundedUILabel.swift */ = {isa = PBXFileReference; lastKnownFileType = sourcecode.swift; path = RoundedUILabel.swift; sourceTree = "<group>"; };
		0698CE781FB274D900265510 /* MovieObject.swift */ = {isa = PBXFileReference; lastKnownFileType = sourcecode.swift; path = MovieObject.swift; sourceTree = "<group>"; };
		0698CE7A1FB2766600265510 /* RealmMovie.swift */ = {isa = PBXFileReference; lastKnownFileType = sourcecode.swift; path = RealmMovie.swift; sourceTree = "<group>"; };
		0698CE7D1FB27A9600265510 /* RealmMovieService.swift */ = {isa = PBXFileReference; lastKnownFileType = sourcecode.swift; path = RealmMovieService.swift; sourceTree = "<group>"; };
		0698CE7F1FB27AA800265510 /* APIMovieService.swift */ = {isa = PBXFileReference; lastKnownFileType = sourcecode.swift; path = APIMovieService.swift; sourceTree = "<group>"; };
		0698CE811FB27B2600265510 /* MovieServiceType.swift */ = {isa = PBXFileReference; lastKnownFileType = sourcecode.swift; path = MovieServiceType.swift; sourceTree = "<group>"; };
		06A1E7571FAA970400AE640F /* MoviesAPIError.swift */ = {isa = PBXFileReference; lastKnownFileType = sourcecode.swift; path = MoviesAPIError.swift; sourceTree = "<group>"; };
		06A79AFD1FB69A49008112BB /* ReviewObject.swift */ = {isa = PBXFileReference; lastKnownFileType = sourcecode.swift; path = ReviewObject.swift; sourceTree = "<group>"; };
		06A79AFF1FB69B7D008112BB /* Review.swift */ = {isa = PBXFileReference; lastKnownFileType = sourcecode.swift; path = Review.swift; sourceTree = "<group>"; };
		06A79B011FB6A173008112BB /* RealmReview.swift */ = {isa = PBXFileReference; lastKnownFileType = sourcecode.swift; path = RealmReview.swift; sourceTree = "<group>"; };
		06A79B041FB7DE25008112BB /* MovieReviewsPresenter.swift */ = {isa = PBXFileReference; lastKnownFileType = sourcecode.swift; path = MovieReviewsPresenter.swift; sourceTree = "<group>"; };
		06A79B061FB7DE25008112BB /* MovieReviewsRouter.swift */ = {isa = PBXFileReference; lastKnownFileType = sourcecode.swift; path = MovieReviewsRouter.swift; sourceTree = "<group>"; };
		06A79B071FB7DE25008112BB /* MovieReviewsModels.swift */ = {isa = PBXFileReference; lastKnownFileType = sourcecode.swift; path = MovieReviewsModels.swift; sourceTree = "<group>"; };
		06A79B081FB7DE25008112BB /* MovieReviewsViewController.swift */ = {isa = PBXFileReference; lastKnownFileType = sourcecode.swift; path = MovieReviewsViewController.swift; sourceTree = "<group>"; };
		06A79B091FB7DE25008112BB /* MovieReviewsInteractor.swift */ = {isa = PBXFileReference; lastKnownFileType = sourcecode.swift; path = MovieReviewsInteractor.swift; sourceTree = "<group>"; };
		06B9057B1FC3609E0007B0D9 /* CustomButton.swift */ = {isa = PBXFileReference; lastKnownFileType = sourcecode.swift; path = CustomButton.swift; sourceTree = "<group>"; };
		06D827E11FA94C2800693102 /* CustomTabBar.swift */ = {isa = PBXFileReference; lastKnownFileType = sourcecode.swift; path = CustomTabBar.swift; sourceTree = "<group>"; };
		06D827E71FA9548300693102 /* AppColors.swift */ = {isa = PBXFileReference; lastKnownFileType = sourcecode.swift; path = AppColors.swift; sourceTree = "<group>"; };
		06D827EA1FA968BA00693102 /* MoviesWorker.swift */ = {isa = PBXFileReference; lastKnownFileType = sourcecode.swift; path = MoviesWorker.swift; sourceTree = "<group>"; };
		06D827ED1FA9694600693102 /* Movie.swift */ = {isa = PBXFileReference; lastKnownFileType = sourcecode.swift; path = Movie.swift; sourceTree = "<group>"; };
		06DC8CFE1FAD459600606738 /* MovieDetailsPresenter.swift */ = {isa = PBXFileReference; lastKnownFileType = sourcecode.swift; path = MovieDetailsPresenter.swift; sourceTree = "<group>"; };
		06DC8D001FAD459600606738 /* MovieDetailsRouter.swift */ = {isa = PBXFileReference; lastKnownFileType = sourcecode.swift; path = MovieDetailsRouter.swift; sourceTree = "<group>"; };
		06DC8D011FAD459600606738 /* MovieDetailsModels.swift */ = {isa = PBXFileReference; lastKnownFileType = sourcecode.swift; path = MovieDetailsModels.swift; sourceTree = "<group>"; };
		06DC8D021FAD459600606738 /* MovieDetailsViewController.swift */ = {isa = PBXFileReference; lastKnownFileType = sourcecode.swift; path = MovieDetailsViewController.swift; sourceTree = "<group>"; };
		06DC8D031FAD459600606738 /* MovieDetailsInteractor.swift */ = {isa = PBXFileReference; lastKnownFileType = sourcecode.swift; path = MovieDetailsInteractor.swift; sourceTree = "<group>"; };
		06E24C041FAD13BD005D67CF /* ListMoviesCell.swift */ = {isa = PBXFileReference; lastKnownFileType = sourcecode.swift; path = ListMoviesCell.swift; sourceTree = "<group>"; };
		06E4F4F81FA8122500110FFB /* CleanMovieDB.app */ = {isa = PBXFileReference; explicitFileType = wrapper.application; includeInIndex = 0; path = CleanMovieDB.app; sourceTree = BUILT_PRODUCTS_DIR; };
		06E4F4FB1FA8122500110FFB /* AppDelegate.swift */ = {isa = PBXFileReference; lastKnownFileType = sourcecode.swift; path = AppDelegate.swift; sourceTree = "<group>"; };
		06E4F5001FA8122500110FFB /* Base */ = {isa = PBXFileReference; lastKnownFileType = file.storyboard; name = Base; path = Base.lproj/Main.storyboard; sourceTree = "<group>"; };
		06E4F5021FA8122500110FFB /* Assets.xcassets */ = {isa = PBXFileReference; lastKnownFileType = folder.assetcatalog; path = Assets.xcassets; sourceTree = "<group>"; };
		06E4F5051FA8122500110FFB /* Base */ = {isa = PBXFileReference; lastKnownFileType = file.storyboard; name = Base; path = Base.lproj/LaunchScreen.storyboard; sourceTree = "<group>"; };
		06E4F5071FA8122500110FFB /* Info.plist */ = {isa = PBXFileReference; lastKnownFileType = text.plist.xml; path = Info.plist; sourceTree = "<group>"; };
		06E4F50C1FA8122500110FFB /* CleanMovieDBTests.xctest */ = {isa = PBXFileReference; explicitFileType = wrapper.cfbundle; includeInIndex = 0; path = CleanMovieDBTests.xctest; sourceTree = BUILT_PRODUCTS_DIR; };
		06E4F5101FA8122500110FFB /* CleanMovieDBTests.swift */ = {isa = PBXFileReference; lastKnownFileType = sourcecode.swift; path = CleanMovieDBTests.swift; sourceTree = "<group>"; };
		06E4F5121FA8122500110FFB /* Info.plist */ = {isa = PBXFileReference; lastKnownFileType = text.plist.xml; path = Info.plist; sourceTree = "<group>"; };
		06E4F51E1FA8138200110FFB /* ListMoviesPresenter.swift */ = {isa = PBXFileReference; lastKnownFileType = sourcecode.swift; path = ListMoviesPresenter.swift; sourceTree = "<group>"; };
		06E4F5201FA8138200110FFB /* ListMoviesRouter.swift */ = {isa = PBXFileReference; lastKnownFileType = sourcecode.swift; path = ListMoviesRouter.swift; sourceTree = "<group>"; };
		06E4F5211FA8138200110FFB /* ListMoviesModels.swift */ = {isa = PBXFileReference; lastKnownFileType = sourcecode.swift; path = ListMoviesModels.swift; sourceTree = "<group>"; };
		06E4F5221FA8138200110FFB /* ListMoviesViewController.swift */ = {isa = PBXFileReference; lastKnownFileType = sourcecode.swift; path = ListMoviesViewController.swift; sourceTree = "<group>"; };
		06E4F5231FA8138200110FFB /* ListMoviesInteractor.swift */ = {isa = PBXFileReference; lastKnownFileType = sourcecode.swift; path = ListMoviesInteractor.swift; sourceTree = "<group>"; };
		2BF563369CF5824D5E68FAA9 /* Pods_CleanMovieDBTests.framework */ = {isa = PBXFileReference; explicitFileType = wrapper.framework; includeInIndex = 0; path = Pods_CleanMovieDBTests.framework; sourceTree = BUILT_PRODUCTS_DIR; };
		3B1098F4FE4C0EFA4B93BE48 /* Pods-CleanMovieDBTests.debug.xcconfig */ = {isa = PBXFileReference; includeInIndex = 1; lastKnownFileType = text.xcconfig; name = "Pods-CleanMovieDBTests.debug.xcconfig"; path = "Pods/Target Support Files/Pods-CleanMovieDBTests/Pods-CleanMovieDBTests.debug.xcconfig"; sourceTree = "<group>"; };
		494EB680FC3BB64A5B48FD23 /* Pods-CleanMovieDB.release.xcconfig */ = {isa = PBXFileReference; includeInIndex = 1; lastKnownFileType = text.xcconfig; name = "Pods-CleanMovieDB.release.xcconfig"; path = "Pods/Target Support Files/Pods-CleanMovieDB/Pods-CleanMovieDB.release.xcconfig"; sourceTree = "<group>"; };
		738C607363AB599AD699ED24 /* Pods_CleanMovieDB.framework */ = {isa = PBXFileReference; explicitFileType = wrapper.framework; includeInIndex = 0; path = Pods_CleanMovieDB.framework; sourceTree = BUILT_PRODUCTS_DIR; };
		92915DD1C63A0BCF7E460FE8 /* Pods-CleanMovieDBTests.release.xcconfig */ = {isa = PBXFileReference; includeInIndex = 1; lastKnownFileType = text.xcconfig; name = "Pods-CleanMovieDBTests.release.xcconfig"; path = "Pods/Target Support Files/Pods-CleanMovieDBTests/Pods-CleanMovieDBTests.release.xcconfig"; sourceTree = "<group>"; };
		BB2E5E47BCF59A37799A95FE /* Pods-CleanMovieDB.debug.xcconfig */ = {isa = PBXFileReference; includeInIndex = 1; lastKnownFileType = text.xcconfig; name = "Pods-CleanMovieDB.debug.xcconfig"; path = "Pods/Target Support Files/Pods-CleanMovieDB/Pods-CleanMovieDB.debug.xcconfig"; sourceTree = "<group>"; };
		D5D20C571FBE95F700A950BF /* MovieReviewCell.swift */ = {isa = PBXFileReference; lastKnownFileType = sourcecode.swift; path = MovieReviewCell.swift; sourceTree = "<group>"; };
/* End PBXFileReference section */

/* Begin PBXFrameworksBuildPhase section */
		06E4F4F51FA8122500110FFB /* Frameworks */ = {
			isa = PBXFrameworksBuildPhase;
			buildActionMask = 2147483647;
			files = (
				44BBC4C9A3D4E6B3A279FF83 /* Pods_CleanMovieDB.framework in Frameworks */,
			);
			runOnlyForDeploymentPostprocessing = 0;
		};
		06E4F5091FA8122500110FFB /* Frameworks */ = {
			isa = PBXFrameworksBuildPhase;
			buildActionMask = 2147483647;
			files = (
				08FA88ED20D8A3EAA503B470 /* Pods_CleanMovieDBTests.framework in Frameworks */,
			);
			runOnlyForDeploymentPostprocessing = 0;
		};
/* End PBXFrameworksBuildPhase section */

/* Begin PBXGroup section */
		0602CBF11FA932CC001BBB4F /* Services */ = {
			isa = PBXGroup;
			children = (
				0698CE811FB27B2600265510 /* MovieServiceType.swift */,
				0698CE7D1FB27A9600265510 /* RealmMovieService.swift */,
				0698CE7F1FB27AA800265510 /* APIMovieService.swift */,
			);
			path = Services;
			sourceTree = "<group>";
		};
		0602CBF51FA933B1001BBB4F /* API */ = {
			isa = PBXGroup;
			children = (
				0602CBF61FA933EC001BBB4F /* MoviesRouter.swift */,
				06A1E7571FAA970400AE640F /* MoviesAPIError.swift */,
			);
			path = API;
			sourceTree = "<group>";
		};
		06A79AFA1FB69A1C008112BB /* Movie */ = {
			isa = PBXGroup;
			children = (
				0698CE781FB274D900265510 /* MovieObject.swift */,
				06D827ED1FA9694600693102 /* Movie.swift */,
				0698CE7A1FB2766600265510 /* RealmMovie.swift */,
			);
			path = Movie;
			sourceTree = "<group>";
		};
		06A79AFB1FB69A2A008112BB /* MovieImage */ = {
			isa = PBXGroup;
			children = (
				067D46B21FB28F4D001D3834 /* MovieImageType.swift */,
			);
			path = MovieImage;
			sourceTree = "<group>";
		};
		06A79AFC1FB69A32008112BB /* Review */ = {
			isa = PBXGroup;
			children = (
				06A79AFD1FB69A49008112BB /* ReviewObject.swift */,
				06A79AFF1FB69B7D008112BB /* Review.swift */,
				06A79B011FB6A173008112BB /* RealmReview.swift */,
			);
			path = Review;
			sourceTree = "<group>";
		};
		06A79B031FB7DDFE008112BB /* MovieReviews */ = {
			isa = PBXGroup;
			children = (
				06A79B071FB7DE25008112BB /* MovieReviewsModels.swift */,
				06A79B081FB7DE25008112BB /* MovieReviewsViewController.swift */,
				06A79B091FB7DE25008112BB /* MovieReviewsInteractor.swift */,
				06A79B041FB7DE25008112BB /* MovieReviewsPresenter.swift */,
				06A79B061FB7DE25008112BB /* MovieReviewsRouter.swift */,
				D5D20C571FBE95F700A950BF /* MovieReviewCell.swift */,
			);
			path = MovieReviews;
			sourceTree = "<group>";
		};
		06D827E01FA94B7200693102 /* UI Helpers */ = {
			isa = PBXGroup;
			children = (
				06D827E11FA94C2800693102 /* CustomTabBar.swift */,
				06D827E71FA9548300693102 /* AppColors.swift */,
				067D46B41FB3D361001D3834 /* RoundedUILabel.swift */,
				06B9057B1FC3609E0007B0D9 /* CustomButton.swift */,
			);
			path = "UI Helpers";
			sourceTree = "<group>";
		};
		06D827E91FA9615800693102 /* Workers */ = {
			isa = PBXGroup;
			children = (
				06D827EA1FA968BA00693102 /* MoviesWorker.swift */,
			);
			path = Workers;
			sourceTree = "<group>";
		};
		06D827EC1FA9692700693102 /* Models */ = {
			isa = PBXGroup;
			children = (
				06A79AFC1FB69A32008112BB /* Review */,
				06A79AFA1FB69A1C008112BB /* Movie */,
				06A79AFB1FB69A2A008112BB /* MovieImage */,
			);
			path = Models;
			sourceTree = "<group>";
		};
		06DC8CFD1FAD456600606738 /* MovieDetails */ = {
			isa = PBXGroup;
			children = (
				06DC8D011FAD459600606738 /* MovieDetailsModels.swift */,
				06DC8D021FAD459600606738 /* MovieDetailsViewController.swift */,
				06DC8D031FAD459600606738 /* MovieDetailsInteractor.swift */,
				06DC8CFE1FAD459600606738 /* MovieDetailsPresenter.swift */,
				06DC8D001FAD459600606738 /* MovieDetailsRouter.swift */,
			);
			path = MovieDetails;
			sourceTree = "<group>";
		};
		06E4F4EF1FA8122500110FFB = {
			isa = PBXGroup;
			children = (
				06E4F4FA1FA8122500110FFB /* CleanMovieDB */,
				06E4F50F1FA8122500110FFB /* CleanMovieDBTests */,
				06E4F4F91FA8122500110FFB /* Products */,
				9BE680A8300175249A5C1D8B /* Pods */,
				7F468CEF888BF51A994D3ED2 /* Frameworks */,
			);
			sourceTree = "<group>";
		};
		06E4F4F91FA8122500110FFB /* Products */ = {
			isa = PBXGroup;
			children = (
				06E4F4F81FA8122500110FFB /* CleanMovieDB.app */,
				06E4F50C1FA8122500110FFB /* CleanMovieDBTests.xctest */,
			);
			name = Products;
			sourceTree = "<group>";
		};
		06E4F4FA1FA8122500110FFB /* CleanMovieDB */ = {
			isa = PBXGroup;
			children = (
				06E4F4FB1FA8122500110FFB /* AppDelegate.swift */,
				0602CBF51FA933B1001BBB4F /* API */,
				06D827EC1FA9692700693102 /* Models */,
				06D827E91FA9615800693102 /* Workers */,
				0602CBF11FA932CC001BBB4F /* Services */,
				06E4F51C1FA8133900110FFB /* Scenes */,
				06E4F51B1FA8123700110FFB /* Storyboards */,
				06D827E01FA94B7200693102 /* UI Helpers */,
				06E4F5021FA8122500110FFB /* Assets.xcassets */,
				06E4F5071FA8122500110FFB /* Info.plist */,
			);
			path = CleanMovieDB;
			sourceTree = "<group>";
		};
		06E4F50F1FA8122500110FFB /* CleanMovieDBTests */ = {
			isa = PBXGroup;
			children = (
				06E4F5101FA8122500110FFB /* CleanMovieDBTests.swift */,
				06E4F5121FA8122500110FFB /* Info.plist */,
			);
			path = CleanMovieDBTests;
			sourceTree = "<group>";
		};
		06E4F51B1FA8123700110FFB /* Storyboards */ = {
			isa = PBXGroup;
			children = (
				06E4F4FF1FA8122500110FFB /* Main.storyboard */,
				06E4F5041FA8122500110FFB /* LaunchScreen.storyboard */,
			);
			path = Storyboards;
			sourceTree = "<group>";
		};
		06E4F51C1FA8133900110FFB /* Scenes */ = {
			isa = PBXGroup;
			children = (
				06A79B031FB7DDFE008112BB /* MovieReviews */,
				06DC8CFD1FAD456600606738 /* MovieDetails */,
				06E4F51D1FA8134000110FFB /* ListMovies */,
			);
			path = Scenes;
			sourceTree = "<group>";
		};
		06E4F51D1FA8134000110FFB /* ListMovies */ = {
			isa = PBXGroup;
			children = (
				06E4F5211FA8138200110FFB /* ListMoviesModels.swift */,
				06E4F5221FA8138200110FFB /* ListMoviesViewController.swift */,
				06E4F5231FA8138200110FFB /* ListMoviesInteractor.swift */,
				06E4F51E1FA8138200110FFB /* ListMoviesPresenter.swift */,
				06E4F5201FA8138200110FFB /* ListMoviesRouter.swift */,
				06E24C041FAD13BD005D67CF /* ListMoviesCell.swift */,
			);
			path = ListMovies;
			sourceTree = "<group>";
		};
		7F468CEF888BF51A994D3ED2 /* Frameworks */ = {
			isa = PBXGroup;
			children = (
				738C607363AB599AD699ED24 /* Pods_CleanMovieDB.framework */,
				2BF563369CF5824D5E68FAA9 /* Pods_CleanMovieDBTests.framework */,
			);
			name = Frameworks;
			sourceTree = "<group>";
		};
		9BE680A8300175249A5C1D8B /* Pods */ = {
			isa = PBXGroup;
			children = (
				BB2E5E47BCF59A37799A95FE /* Pods-CleanMovieDB.debug.xcconfig */,
				494EB680FC3BB64A5B48FD23 /* Pods-CleanMovieDB.release.xcconfig */,
				3B1098F4FE4C0EFA4B93BE48 /* Pods-CleanMovieDBTests.debug.xcconfig */,
				92915DD1C63A0BCF7E460FE8 /* Pods-CleanMovieDBTests.release.xcconfig */,
			);
			name = Pods;
			sourceTree = "<group>";
		};
/* End PBXGroup section */

/* Begin PBXNativeTarget section */
		06E4F4F71FA8122500110FFB /* CleanMovieDB */ = {
			isa = PBXNativeTarget;
			buildConfigurationList = 06E4F5151FA8122500110FFB /* Build configuration list for PBXNativeTarget "CleanMovieDB" */;
			buildPhases = (
				232A97CAC943A4B4042A2523 /* [CP] Check Pods Manifest.lock */,
				06E4F4F41FA8122500110FFB /* Sources */,
				06E4F4F51FA8122500110FFB /* Frameworks */,
				06E4F4F61FA8122500110FFB /* Resources */,
				AC5F001C19AE7AF90121FD2F /* [CP] Embed Pods Frameworks */,
				DD3BF31E7030F58DF76C32B8 /* [CP] Copy Pods Resources */,
			);
			buildRules = (
			);
			dependencies = (
			);
			name = CleanMovieDB;
			productName = CleanMovieDB;
			productReference = 06E4F4F81FA8122500110FFB /* CleanMovieDB.app */;
			productType = "com.apple.product-type.application";
		};
		06E4F50B1FA8122500110FFB /* CleanMovieDBTests */ = {
			isa = PBXNativeTarget;
			buildConfigurationList = 06E4F5181FA8122500110FFB /* Build configuration list for PBXNativeTarget "CleanMovieDBTests" */;
			buildPhases = (
				E266ED758FB3327EE038B34D /* [CP] Check Pods Manifest.lock */,
				06E4F5081FA8122500110FFB /* Sources */,
				06E4F5091FA8122500110FFB /* Frameworks */,
				06E4F50A1FA8122500110FFB /* Resources */,
				DB3C9E9F0491C2182B2EA9C0 /* [CP] Embed Pods Frameworks */,
				577FF32D01B47249E51F951C /* [CP] Copy Pods Resources */,
			);
			buildRules = (
			);
			dependencies = (
				06E4F50E1FA8122500110FFB /* PBXTargetDependency */,
			);
			name = CleanMovieDBTests;
			productName = CleanMovieDBTests;
			productReference = 06E4F50C1FA8122500110FFB /* CleanMovieDBTests.xctest */;
			productType = "com.apple.product-type.bundle.unit-test";
		};
/* End PBXNativeTarget section */

/* Begin PBXProject section */
		06E4F4F01FA8122500110FFB /* Project object */ = {
			isa = PBXProject;
			attributes = {
				LastSwiftUpdateCheck = 0900;
				LastUpgradeCheck = 0900;
				ORGANIZATIONNAME = "Francis Breidenbach";
				TargetAttributes = {
					06E4F4F71FA8122500110FFB = {
						CreatedOnToolsVersion = 9.0.1;
						ProvisioningStyle = Automatic;
					};
					06E4F50B1FA8122500110FFB = {
						CreatedOnToolsVersion = 9.0.1;
						ProvisioningStyle = Automatic;
						TestTargetID = 06E4F4F71FA8122500110FFB;
					};
				};
			};
			buildConfigurationList = 06E4F4F31FA8122500110FFB /* Build configuration list for PBXProject "CleanMovieDB" */;
			compatibilityVersion = "Xcode 8.0";
			developmentRegion = en;
			hasScannedForEncodings = 0;
			knownRegions = (
				en,
				Base,
			);
			mainGroup = 06E4F4EF1FA8122500110FFB;
			productRefGroup = 06E4F4F91FA8122500110FFB /* Products */;
			projectDirPath = "";
			projectRoot = "";
			targets = (
				06E4F4F71FA8122500110FFB /* CleanMovieDB */,
				06E4F50B1FA8122500110FFB /* CleanMovieDBTests */,
			);
		};
/* End PBXProject section */

/* Begin PBXResourcesBuildPhase section */
		06E4F4F61FA8122500110FFB /* Resources */ = {
			isa = PBXResourcesBuildPhase;
			buildActionMask = 2147483647;
			files = (
				06E4F5061FA8122500110FFB /* LaunchScreen.storyboard in Resources */,
				06E4F5031FA8122500110FFB /* Assets.xcassets in Resources */,
				06E4F5011FA8122500110FFB /* Main.storyboard in Resources */,
			);
			runOnlyForDeploymentPostprocessing = 0;
		};
		06E4F50A1FA8122500110FFB /* Resources */ = {
			isa = PBXResourcesBuildPhase;
			buildActionMask = 2147483647;
			files = (
			);
			runOnlyForDeploymentPostprocessing = 0;
		};
/* End PBXResourcesBuildPhase section */

/* Begin PBXShellScriptBuildPhase section */
		232A97CAC943A4B4042A2523 /* [CP] Check Pods Manifest.lock */ = {
			isa = PBXShellScriptBuildPhase;
			buildActionMask = 2147483647;
			files = (
			);
			inputPaths = (
				"${PODS_PODFILE_DIR_PATH}/Podfile.lock",
				"${PODS_ROOT}/Manifest.lock",
			);
			name = "[CP] Check Pods Manifest.lock";
			outputPaths = (
				"$(DERIVED_FILE_DIR)/Pods-CleanMovieDB-checkManifestLockResult.txt",
			);
			runOnlyForDeploymentPostprocessing = 0;
			shellPath = /bin/sh;
			shellScript = "diff \"${PODS_PODFILE_DIR_PATH}/Podfile.lock\" \"${PODS_ROOT}/Manifest.lock\" > /dev/null\nif [ $? != 0 ] ; then\n    # print error to STDERR\n    echo \"error: The sandbox is not in sync with the Podfile.lock. Run 'pod install' or update your CocoaPods installation.\" >&2\n    exit 1\nfi\n# This output is used by Xcode 'outputs' to avoid re-running this script phase.\necho \"SUCCESS\" > \"${SCRIPT_OUTPUT_FILE_0}\"\n";
			showEnvVarsInLog = 0;
		};
		577FF32D01B47249E51F951C /* [CP] Copy Pods Resources */ = {
			isa = PBXShellScriptBuildPhase;
			buildActionMask = 2147483647;
			files = (
			);
			inputPaths = (
			);
			name = "[CP] Copy Pods Resources";
			outputPaths = (
			);
			runOnlyForDeploymentPostprocessing = 0;
			shellPath = /bin/sh;
			shellScript = "\"${SRCROOT}/Pods/Target Support Files/Pods-CleanMovieDBTests/Pods-CleanMovieDBTests-resources.sh\"\n";
			showEnvVarsInLog = 0;
		};
		AC5F001C19AE7AF90121FD2F /* [CP] Embed Pods Frameworks */ = {
			isa = PBXShellScriptBuildPhase;
			buildActionMask = 2147483647;
			files = (
			);
			inputPaths = (
				"${SRCROOT}/Pods/Target Support Files/Pods-CleanMovieDB/Pods-CleanMovieDB-frameworks.sh",
				"${BUILT_PRODUCTS_DIR}/Alamofire/Alamofire.framework",
				"${BUILT_PRODUCTS_DIR}/AlamofireObjectMapper/AlamofireObjectMapper.framework",
				"${BUILT_PRODUCTS_DIR}/Kingfisher/Kingfisher.framework",
				"${BUILT_PRODUCTS_DIR}/ObjectMapper/ObjectMapper.framework",
				"${BUILT_PRODUCTS_DIR}/Realm/Realm.framework",
				"${BUILT_PRODUCTS_DIR}/RealmSwift/RealmSwift.framework",
			);
			name = "[CP] Embed Pods Frameworks";
			outputPaths = (
				"${TARGET_BUILD_DIR}/${FRAMEWORKS_FOLDER_PATH}/Alamofire.framework",
				"${TARGET_BUILD_DIR}/${FRAMEWORKS_FOLDER_PATH}/AlamofireObjectMapper.framework",
				"${TARGET_BUILD_DIR}/${FRAMEWORKS_FOLDER_PATH}/Kingfisher.framework",
				"${TARGET_BUILD_DIR}/${FRAMEWORKS_FOLDER_PATH}/ObjectMapper.framework",
				"${TARGET_BUILD_DIR}/${FRAMEWORKS_FOLDER_PATH}/Realm.framework",
				"${TARGET_BUILD_DIR}/${FRAMEWORKS_FOLDER_PATH}/RealmSwift.framework",
			);
			runOnlyForDeploymentPostprocessing = 0;
			shellPath = /bin/sh;
			shellScript = "\"${SRCROOT}/Pods/Target Support Files/Pods-CleanMovieDB/Pods-CleanMovieDB-frameworks.sh\"\n";
			showEnvVarsInLog = 0;
		};
		DB3C9E9F0491C2182B2EA9C0 /* [CP] Embed Pods Frameworks */ = {
			isa = PBXShellScriptBuildPhase;
			buildActionMask = 2147483647;
			files = (
			);
			inputPaths = (
			);
			name = "[CP] Embed Pods Frameworks";
			outputPaths = (
			);
			runOnlyForDeploymentPostprocessing = 0;
			shellPath = /bin/sh;
			shellScript = "\"${SRCROOT}/Pods/Target Support Files/Pods-CleanMovieDBTests/Pods-CleanMovieDBTests-frameworks.sh\"\n";
			showEnvVarsInLog = 0;
		};
		DD3BF31E7030F58DF76C32B8 /* [CP] Copy Pods Resources */ = {
			isa = PBXShellScriptBuildPhase;
			buildActionMask = 2147483647;
			files = (
			);
			inputPaths = (
			);
			name = "[CP] Copy Pods Resources";
			outputPaths = (
			);
			runOnlyForDeploymentPostprocessing = 0;
			shellPath = /bin/sh;
			shellScript = "\"${SRCROOT}/Pods/Target Support Files/Pods-CleanMovieDB/Pods-CleanMovieDB-resources.sh\"\n";
			showEnvVarsInLog = 0;
		};
		E266ED758FB3327EE038B34D /* [CP] Check Pods Manifest.lock */ = {
			isa = PBXShellScriptBuildPhase;
			buildActionMask = 2147483647;
			files = (
			);
			inputPaths = (
				"${PODS_PODFILE_DIR_PATH}/Podfile.lock",
				"${PODS_ROOT}/Manifest.lock",
			);
			name = "[CP] Check Pods Manifest.lock";
			outputPaths = (
				"$(DERIVED_FILE_DIR)/Pods-CleanMovieDBTests-checkManifestLockResult.txt",
			);
			runOnlyForDeploymentPostprocessing = 0;
			shellPath = /bin/sh;
			shellScript = "diff \"${PODS_PODFILE_DIR_PATH}/Podfile.lock\" \"${PODS_ROOT}/Manifest.lock\" > /dev/null\nif [ $? != 0 ] ; then\n    # print error to STDERR\n    echo \"error: The sandbox is not in sync with the Podfile.lock. Run 'pod install' or update your CocoaPods installation.\" >&2\n    exit 1\nfi\n# This output is used by Xcode 'outputs' to avoid re-running this script phase.\necho \"SUCCESS\" > \"${SCRIPT_OUTPUT_FILE_0}\"\n";
			showEnvVarsInLog = 0;
		};
/* End PBXShellScriptBuildPhase section */

/* Begin PBXSourcesBuildPhase section */
		06E4F4F41FA8122500110FFB /* Sources */ = {
			isa = PBXSourcesBuildPhase;
			buildActionMask = 2147483647;
			files = (
				06D827EB1FA968BA00693102 /* MoviesWorker.swift in Sources */,
				06E4F5241FA8138200110FFB /* ListMoviesPresenter.swift in Sources */,
				06DC8D081FAD459600606738 /* MovieDetailsViewController.swift in Sources */,
				06D827EE1FA9694600693102 /* Movie.swift in Sources */,
				0698CE821FB27B2600265510 /* MovieServiceType.swift in Sources */,
				0698CE7E1FB27A9600265510 /* RealmMovieService.swift in Sources */,
				06E4F5271FA8138200110FFB /* ListMoviesModels.swift in Sources */,
				06DC8D041FAD459600606738 /* MovieDetailsPresenter.swift in Sources */,
				06B9057C1FC3609E0007B0D9 /* CustomButton.swift in Sources */,
				06D827E81FA9548300693102 /* AppColors.swift in Sources */,
				06A79B021FB6A173008112BB /* RealmReview.swift in Sources */,
				06A79B001FB69B7E008112BB /* Review.swift in Sources */,
				06A1E7581FAA970400AE640F /* MoviesAPIError.swift in Sources */,
				06A79B0D1FB7DE25008112BB /* MovieReviewsModels.swift in Sources */,
				06E4F5261FA8138200110FFB /* ListMoviesRouter.swift in Sources */,
				06A79B0A1FB7DE25008112BB /* MovieReviewsPresenter.swift in Sources */,
				06DC8D071FAD459600606738 /* MovieDetailsModels.swift in Sources */,
				0698CE791FB274D900265510 /* MovieObject.swift in Sources */,
				06A79B0E1FB7DE25008112BB /* MovieReviewsViewController.swift in Sources */,
				06E24C051FAD13BD005D67CF /* ListMoviesCell.swift in Sources */,
				06DC8D091FAD459600606738 /* MovieDetailsInteractor.swift in Sources */,
				06A79AFE1FB69A49008112BB /* ReviewObject.swift in Sources */,
				06DC8D061FAD459600606738 /* MovieDetailsRouter.swift in Sources */,
				06E4F5281FA8138200110FFB /* ListMoviesViewController.swift in Sources */,
				0602CBF71FA933EC001BBB4F /* MoviesRouter.swift in Sources */,
				067D46B31FB28F4D001D3834 /* MovieImageType.swift in Sources */,
				06A79B0F1FB7DE25008112BB /* MovieReviewsInteractor.swift in Sources */,
				06A79B0C1FB7DE25008112BB /* MovieReviewsRouter.swift in Sources */,
				067D46B51FB3D361001D3834 /* RoundedUILabel.swift in Sources */,
				0698CE7B1FB2766600265510 /* RealmMovie.swift in Sources */,
				0698CE801FB27AA800265510 /* APIMovieService.swift in Sources */,
				06E4F4FC1FA8122500110FFB /* AppDelegate.swift in Sources */,
				06D827E21FA94C2800693102 /* CustomTabBar.swift in Sources */,
				D5D20C581FBE95F700A950BF /* MovieReviewCell.swift in Sources */,
				06E4F5291FA8138200110FFB /* ListMoviesInteractor.swift in Sources */,
			);
			runOnlyForDeploymentPostprocessing = 0;
		};
		06E4F5081FA8122500110FFB /* Sources */ = {
			isa = PBXSourcesBuildPhase;
			buildActionMask = 2147483647;
			files = (
				06E4F5111FA8122500110FFB /* CleanMovieDBTests.swift in Sources */,
			);
			runOnlyForDeploymentPostprocessing = 0;
		};
/* End PBXSourcesBuildPhase section */

/* Begin PBXTargetDependency section */
		06E4F50E1FA8122500110FFB /* PBXTargetDependency */ = {
			isa = PBXTargetDependency;
			target = 06E4F4F71FA8122500110FFB /* CleanMovieDB */;
			targetProxy = 06E4F50D1FA8122500110FFB /* PBXContainerItemProxy */;
		};
/* End PBXTargetDependency section */

/* Begin PBXVariantGroup section */
		06E4F4FF1FA8122500110FFB /* Main.storyboard */ = {
			isa = PBXVariantGroup;
			children = (
				06E4F5001FA8122500110FFB /* Base */,
			);
			name = Main.storyboard;
			sourceTree = "<group>";
		};
		06E4F5041FA8122500110FFB /* LaunchScreen.storyboard */ = {
			isa = PBXVariantGroup;
			children = (
				06E4F5051FA8122500110FFB /* Base */,
			);
			name = LaunchScreen.storyboard;
			sourceTree = "<group>";
		};
/* End PBXVariantGroup section */

/* Begin XCBuildConfiguration section */
		06E4F5131FA8122500110FFB /* Debug */ = {
			isa = XCBuildConfiguration;
			buildSettings = {
				ALWAYS_SEARCH_USER_PATHS = NO;
				CLANG_ANALYZER_NONNULL = YES;
				CLANG_ANALYZER_NUMBER_OBJECT_CONVERSION = YES_AGGRESSIVE;
				CLANG_CXX_LANGUAGE_STANDARD = "gnu++14";
				CLANG_CXX_LIBRARY = "libc++";
				CLANG_ENABLE_MODULES = YES;
				CLANG_ENABLE_OBJC_ARC = YES;
				CLANG_WARN_BLOCK_CAPTURE_AUTORELEASING = YES;
				CLANG_WARN_BOOL_CONVERSION = YES;
				CLANG_WARN_COMMA = YES;
				CLANG_WARN_CONSTANT_CONVERSION = YES;
				CLANG_WARN_DIRECT_OBJC_ISA_USAGE = YES_ERROR;
				CLANG_WARN_DOCUMENTATION_COMMENTS = YES;
				CLANG_WARN_EMPTY_BODY = YES;
				CLANG_WARN_ENUM_CONVERSION = YES;
				CLANG_WARN_INFINITE_RECURSION = YES;
				CLANG_WARN_INT_CONVERSION = YES;
				CLANG_WARN_NON_LITERAL_NULL_CONVERSION = YES;
				CLANG_WARN_OBJC_LITERAL_CONVERSION = YES;
				CLANG_WARN_OBJC_ROOT_CLASS = YES_ERROR;
				CLANG_WARN_RANGE_LOOP_ANALYSIS = YES;
				CLANG_WARN_STRICT_PROTOTYPES = YES;
				CLANG_WARN_SUSPICIOUS_MOVE = YES;
				CLANG_WARN_UNGUARDED_AVAILABILITY = YES_AGGRESSIVE;
				CLANG_WARN_UNREACHABLE_CODE = YES;
				CLANG_WARN__DUPLICATE_METHOD_MATCH = YES;
				CODE_SIGN_IDENTITY = "iPhone Developer";
				COPY_PHASE_STRIP = NO;
				DEBUG_INFORMATION_FORMAT = dwarf;
				ENABLE_STRICT_OBJC_MSGSEND = YES;
				ENABLE_TESTABILITY = YES;
				GCC_C_LANGUAGE_STANDARD = gnu11;
				GCC_DYNAMIC_NO_PIC = NO;
				GCC_NO_COMMON_BLOCKS = YES;
				GCC_OPTIMIZATION_LEVEL = 0;
				GCC_PREPROCESSOR_DEFINITIONS = (
					"DEBUG=1",
					"$(inherited)",
				);
				GCC_WARN_64_TO_32_BIT_CONVERSION = YES;
				GCC_WARN_ABOUT_RETURN_TYPE = YES_ERROR;
				GCC_WARN_UNDECLARED_SELECTOR = YES;
				GCC_WARN_UNINITIALIZED_AUTOS = YES_AGGRESSIVE;
				GCC_WARN_UNUSED_FUNCTION = YES;
				GCC_WARN_UNUSED_VARIABLE = YES;
				IPHONEOS_DEPLOYMENT_TARGET = 11.0;
				MTL_ENABLE_DEBUG_INFO = YES;
				ONLY_ACTIVE_ARCH = YES;
				SDKROOT = iphoneos;
				SWIFT_ACTIVE_COMPILATION_CONDITIONS = DEBUG;
				SWIFT_OPTIMIZATION_LEVEL = "-Onone";
			};
			name = Debug;
		};
		06E4F5141FA8122500110FFB /* Release */ = {
			isa = XCBuildConfiguration;
			buildSettings = {
				ALWAYS_SEARCH_USER_PATHS = NO;
				CLANG_ANALYZER_NONNULL = YES;
				CLANG_ANALYZER_NUMBER_OBJECT_CONVERSION = YES_AGGRESSIVE;
				CLANG_CXX_LANGUAGE_STANDARD = "gnu++14";
				CLANG_CXX_LIBRARY = "libc++";
				CLANG_ENABLE_MODULES = YES;
				CLANG_ENABLE_OBJC_ARC = YES;
				CLANG_WARN_BLOCK_CAPTURE_AUTORELEASING = YES;
				CLANG_WARN_BOOL_CONVERSION = YES;
				CLANG_WARN_COMMA = YES;
				CLANG_WARN_CONSTANT_CONVERSION = YES;
				CLANG_WARN_DIRECT_OBJC_ISA_USAGE = YES_ERROR;
				CLANG_WARN_DOCUMENTATION_COMMENTS = YES;
				CLANG_WARN_EMPTY_BODY = YES;
				CLANG_WARN_ENUM_CONVERSION = YES;
				CLANG_WARN_INFINITE_RECURSION = YES;
				CLANG_WARN_INT_CONVERSION = YES;
				CLANG_WARN_NON_LITERAL_NULL_CONVERSION = YES;
				CLANG_WARN_OBJC_LITERAL_CONVERSION = YES;
				CLANG_WARN_OBJC_ROOT_CLASS = YES_ERROR;
				CLANG_WARN_RANGE_LOOP_ANALYSIS = YES;
				CLANG_WARN_STRICT_PROTOTYPES = YES;
				CLANG_WARN_SUSPICIOUS_MOVE = YES;
				CLANG_WARN_UNGUARDED_AVAILABILITY = YES_AGGRESSIVE;
				CLANG_WARN_UNREACHABLE_CODE = YES;
				CLANG_WARN__DUPLICATE_METHOD_MATCH = YES;
				CODE_SIGN_IDENTITY = "iPhone Developer";
				COPY_PHASE_STRIP = NO;
				DEBUG_INFORMATION_FORMAT = "dwarf-with-dsym";
				ENABLE_NS_ASSERTIONS = NO;
				ENABLE_STRICT_OBJC_MSGSEND = YES;
				GCC_C_LANGUAGE_STANDARD = gnu11;
				GCC_NO_COMMON_BLOCKS = YES;
				GCC_WARN_64_TO_32_BIT_CONVERSION = YES;
				GCC_WARN_ABOUT_RETURN_TYPE = YES_ERROR;
				GCC_WARN_UNDECLARED_SELECTOR = YES;
				GCC_WARN_UNINITIALIZED_AUTOS = YES_AGGRESSIVE;
				GCC_WARN_UNUSED_FUNCTION = YES;
				GCC_WARN_UNUSED_VARIABLE = YES;
				IPHONEOS_DEPLOYMENT_TARGET = 11.0;
				MTL_ENABLE_DEBUG_INFO = NO;
				SDKROOT = iphoneos;
				SWIFT_OPTIMIZATION_LEVEL = "-Owholemodule";
				VALIDATE_PRODUCT = YES;
			};
			name = Release;
		};
		06E4F5161FA8122500110FFB /* Debug */ = {
			isa = XCBuildConfiguration;
			baseConfigurationReference = BB2E5E47BCF59A37799A95FE /* Pods-CleanMovieDB.debug.xcconfig */;
			buildSettings = {
				ASSETCATALOG_COMPILER_APPICON_NAME = AppIcon;
				"CODE_SIGN_IDENTITY[sdk=iphoneos*]" = "iPhone Developer";
				CODE_SIGN_STYLE = Automatic;
				DEVELOPMENT_TEAM = WA3KPNE52J;
				INFOPLIST_FILE = CleanMovieDB/Info.plist;
				LD_RUNPATH_SEARCH_PATHS = "$(inherited) @executable_path/Frameworks";
				PRODUCT_BUNDLE_IDENTIFIER = com.fbreidenbach.CleanMovieDB;
				PRODUCT_NAME = "$(TARGET_NAME)";
				PROVISIONING_PROFILE_SPECIFIER = "";
				SWIFT_VERSION = 4.0;
				TARGETED_DEVICE_FAMILY = "1,2";
			};
			name = Debug;
		};
		06E4F5171FA8122500110FFB /* Release */ = {
			isa = XCBuildConfiguration;
			baseConfigurationReference = 494EB680FC3BB64A5B48FD23 /* Pods-CleanMovieDB.release.xcconfig */;
			buildSettings = {
				ASSETCATALOG_COMPILER_APPICON_NAME = AppIcon;
				"CODE_SIGN_IDENTITY[sdk=iphoneos*]" = "iPhone Developer";
				CODE_SIGN_STYLE = Automatic;
				DEVELOPMENT_TEAM = WA3KPNE52J;
				INFOPLIST_FILE = CleanMovieDB/Info.plist;
				LD_RUNPATH_SEARCH_PATHS = "$(inherited) @executable_path/Frameworks";
				PRODUCT_BUNDLE_IDENTIFIER = com.fbreidenbach.CleanMovieDB;
				PRODUCT_NAME = "$(TARGET_NAME)";
				PROVISIONING_PROFILE_SPECIFIER = "";
				SWIFT_VERSION = 4.0;
				TARGETED_DEVICE_FAMILY = "1,2";
			};
			name = Release;
		};
		06E4F5191FA8122500110FFB /* Debug */ = {
			isa = XCBuildConfiguration;
			baseConfigurationReference = 3B1098F4FE4C0EFA4B93BE48 /* Pods-CleanMovieDBTests.debug.xcconfig */;
			buildSettings = {
				ALWAYS_EMBED_SWIFT_STANDARD_LIBRARIES = YES;
				BUNDLE_LOADER = "$(TEST_HOST)";
				CODE_SIGN_STYLE = Automatic;
				DEVELOPMENT_TEAM = WA3KPNE52J;
				INFOPLIST_FILE = CleanMovieDBTests/Info.plist;
				LD_RUNPATH_SEARCH_PATHS = "$(inherited) @executable_path/Frameworks @loader_path/Frameworks";
				PRODUCT_BUNDLE_IDENTIFIER = com.fbreidenbach.CleanMovieDBTests;
				PRODUCT_NAME = "$(TARGET_NAME)";
				SWIFT_VERSION = 4.0;
				TARGETED_DEVICE_FAMILY = "1,2";
				TEST_HOST = "$(BUILT_PRODUCTS_DIR)/CleanMovieDB.app/CleanMovieDB";
			};
			name = Debug;
		};
		06E4F51A1FA8122500110FFB /* Release */ = {
			isa = XCBuildConfiguration;
			baseConfigurationReference = 92915DD1C63A0BCF7E460FE8 /* Pods-CleanMovieDBTests.release.xcconfig */;
			buildSettings = {
				ALWAYS_EMBED_SWIFT_STANDARD_LIBRARIES = YES;
				BUNDLE_LOADER = "$(TEST_HOST)";
				CODE_SIGN_STYLE = Automatic;
				DEVELOPMENT_TEAM = WA3KPNE52J;
				INFOPLIST_FILE = CleanMovieDBTests/Info.plist;
				LD_RUNPATH_SEARCH_PATHS = "$(inherited) @executable_path/Frameworks @loader_path/Frameworks";
				PRODUCT_BUNDLE_IDENTIFIER = com.fbreidenbach.CleanMovieDBTests;
				PRODUCT_NAME = "$(TARGET_NAME)";
				SWIFT_VERSION = 4.0;
				TARGETED_DEVICE_FAMILY = "1,2";
				TEST_HOST = "$(BUILT_PRODUCTS_DIR)/CleanMovieDB.app/CleanMovieDB";
			};
			name = Release;
		};
/* End XCBuildConfiguration section */

/* Begin XCConfigurationList section */
		06E4F4F31FA8122500110FFB /* Build configuration list for PBXProject "CleanMovieDB" */ = {
			isa = XCConfigurationList;
			buildConfigurations = (
				06E4F5131FA8122500110FFB /* Debug */,
				06E4F5141FA8122500110FFB /* Release */,
			);
			defaultConfigurationIsVisible = 0;
			defaultConfigurationName = Release;
		};
		06E4F5151FA8122500110FFB /* Build configuration list for PBXNativeTarget "CleanMovieDB" */ = {
			isa = XCConfigurationList;
			buildConfigurations = (
				06E4F5161FA8122500110FFB /* Debug */,
				06E4F5171FA8122500110FFB /* Release */,
			);
			defaultConfigurationIsVisible = 0;
			defaultConfigurationName = Release;
		};
		06E4F5181FA8122500110FFB /* Build configuration list for PBXNativeTarget "CleanMovieDBTests" */ = {
			isa = XCConfigurationList;
			buildConfigurations = (
				06E4F5191FA8122500110FFB /* Debug */,
				06E4F51A1FA8122500110FFB /* Release */,
			);
			defaultConfigurationIsVisible = 0;
			defaultConfigurationName = Release;
		};
/* End XCConfigurationList section */
	};
	rootObject = 06E4F4F01FA8122500110FFB /* Project object */;
}
